
Microsoft Visual Studio Solution File, Format Version 12.00
# Visual Studio Version 17
VisualStudioVersion = 17.14.36221.1 d17.14
MinimumVisualStudioVersion = 10.0.40219.1
Project("{888888A0-9F3D-457C-B088-3A5042F75D52}") = "AutoInsuranceCalculator", "AutoInsuranceCalculator\AutoInsuranceCalculator.pyproj", "{3304D1FD-C874-4EF8-969C-1FC7CAB5A5FA}"
EndProject
Global
	GlobalSection(SolutionConfigurationPlatforms) = preSolution
		Debug|Any CPU = Debug|Any CPU
		Release|Any CPU = Release|Any CPU
	EndGlobalSection
	GlobalSection(ProjectConfigurationPlatforms) = postSolution
		{3304D1FD-C874-4EF8-969C-1FC7CAB5A5FA}.Debug|Any CPU.ActiveCfg = Debug|Any CPU
		{3304D1FD-C874-4EF8-969C-1FC7CAB5A5FA}.Release|Any CPU.ActiveCfg = Release|Any CPU
	EndGlobalSection
	GlobalSection(SolutionProperties) = preSolution
		HideSolutionNode = FALSE
	EndGlobalSection
	GlobalSection(ExtensibilityGlobals) = postSolution
		SolutionGuid = {7BB800A0-0262-4FE8-B358-A082B0A77518}
	EndGlobalSection
EndGlobal
